
Microsoft Visual Studio Solution File, Format Version 12.00
# Visual Studio Version 17
VisualStudioVersion = 17.14.36203.30 d17.14
MinimumVisualStudioVersion = 10.0.40219.1
Project("{FAE04EC0-301F-11D3-BF4B-00C04F79EFBC}") = "Personal-Task-Manager", "Personal-Task-Manager.csproj", "{79C0F39B-C81F-4FC3-9606-466D00E9495E}"
EndProject
Global
	GlobalSection(SolutionConfigurationPlatforms) = preSolution
		Debug|Any CPU = Debug|Any CPU
		Release|Any CPU = Release|Any CPU
	EndGlobalSection
	GlobalSection(ProjectConfigurationPlatforms) = postSolution
		{79C0F39B-C81F-4FC3-9606-466D00E9495E}.Debug|Any CPU.ActiveCfg = Debug|Any CPU
		{79C0F39B-C81F-4FC3-9606-466D00E9495E}.Debug|Any CPU.Build.0 = Debug|Any CPU
		{79C0F39B-C81F-4FC3-9606-466D00E9495E}.Release|Any CPU.ActiveCfg = Release|Any CPU
		{79C0F39B-C81F-4FC3-9606-466D00E9495E}.Release|Any CPU.Build.0 = Release|Any CPU
	EndGlobalSection
	GlobalSection(SolutionProperties) = preSolution
		HideSolutionNode = FALSE
	EndGlobalSection
	GlobalSection(ExtensibilityGlobals) = postSolution
		SolutionGuid = {6A794F0C-0E57-4630-BA40-5F8778FE9AE8}
	EndGlobalSection
EndGlobal
